{
  "name": "09C-2-01.03-The-module-tutorial",
  "version": "1.0.0",
  "lockfileVersion": 1,
  "requires": true,
  "dependencies": {
    "@georapbox/timer": {
      "version": "1.0.0",
      "resolved": "https://registry.npmjs.org/@georapbox/timer/-/timer-1.0.0.tgz",
      "integrity": "sha512-+VPTL3BrKLFcICtBaeYHnwZY27mLGxH6SaBa5MlHlvWO2Ot/ymq2XHc3DJuuW1uzbGUUK4A+C7NPOy/PysFa4g=="
    },
    "canvas-circular-countdown": {
      "version": "1.1.1",
      "resolved": "https://registry.npmjs.org/canvas-circular-countdown/-/canvas-circular-countdown-1.1.1.tgz",
      "integrity": "sha512-UdEYPTSdAApmYk/0eiqqvJV+Sr1wS4iy3vS2JUtxzQqAcqyIhsmKdXEuN2ekhM2wZSeET5gpNpXX2MtW/MiiAA==",
      "requires": {
        "@georapbox/timer": "~1.0.0"
      }
    },
    "js-datepicker": {
      "version": "4.0.10",
      "resolved": "https://registry.npmjs.org/js-datepicker/-/js-datepicker-4.0.10.tgz",
      "integrity": "sha512-oRe9bPtitasRDXarlg1Uf9yTEkfv7IZ4Z+coiU0ZnBiAy4Oc6bf8o4FK/lT4VxVK9ueUEJ7LNOlp+RXwAeDW9w=="
    }
  }
}
