{
  "name": "09C-2-01.03-The-module-tutorial",
  "version": "1.0.0",
  "lockfileVersion": 1,
  "requires": true,
  "dependencies": {
    "@georapbox/timer": {
      "version": "1.0.0",
      "resolved": "https://registry.npmjs.org/@georapbox/timer/-/timer-1.0.0.tgz",
      "integrity": "sha512-+VPTL3BrKLFcICtBaeYHnwZY27mLGxH6SaBa5MlHlvWO2Ot/ymq2XHc3DJuuW1uzbGUUK4A+C7NPOy/PysFa4g=="
    },
    "@sphinxxxx/color-conversion": {
      "version": "2.2.1",
      "resolved": "https://registry.npmjs.org/@sphinxxxx/color-conversion/-/color-conversion-2.2.1.tgz",
      "integrity": "sha512-5+ofCE09lF6C7DPSVyvQ2Nf0oaue3Cl+SosT45DYy5nhgUXsOq3TetArC1q8mVfAOjhG0WReQPPFBdc4xXVNkg=="
    },
    "canvas-circular-countdown": {
      "version": "1.1.1",
      "resolved": "https://registry.npmjs.org/canvas-circular-countdown/-/canvas-circular-countdown-1.1.1.tgz",
      "integrity": "sha512-UdEYPTSdAApmYk/0eiqqvJV+Sr1wS4iy3vS2JUtxzQqAcqyIhsmKdXEuN2ekhM2wZSeET5gpNpXX2MtW/MiiAA==",
      "requires": {
        "@georapbox/timer": "~1.0.0"
      }
    },
    "drag-tracker": {
      "version": "1.0.0",
      "resolved": "https://registry.npmjs.org/drag-tracker/-/drag-tracker-1.0.0.tgz",
      "integrity": "sha1-m9M9OAvDBW22m9Wzz24GL+xYvWQ="
    },
    "vanilla-picker": {
      "version": "2.7.2",
      "resolved": "https://registry.npmjs.org/vanilla-picker/-/vanilla-picker-2.7.2.tgz",
      "integrity": "sha512-CCqQ2oex7yNyKURwHtTnjQepKkLd4X+tS+4o8XMuel9QQSZZmNpbT1JGq9VdeXoTBtTq4orE2XhIZP1MrgQ5Vg==",
      "requires": {
        "@sphinxxxx/color-conversion": "^2.2.1",
        "drag-tracker": "^1.0.0"
      }
    }
  }
}
